# THIS IS AN AUTOGENERATED FILE. DO NOT EDIT THIS FILE DIRECTLY.
# yarn lockfile v1


"@rails/actioncable@^6.0.0":
  "integrity" "sha512-0LmSKJTuo2dL6BQ+9xxLnS9lbkyfz2mBGeBnQ2J7o9Bn0l0q+ZC6VuoZMZZXPvABI4QT7Nfknv5WhfKYL+boew=="
  "resolved" "https://registry.npmjs.org/@rails/actioncable/-/actioncable-6.1.4.tgz"
  "version" "6.1.4"

"@rails/activestorage@^6.0.0":
  "integrity" "sha512-1Tm8uaVBhLTDEG4YaFPvqguhjbUGSPVItm0CfkRpIFZIkybWzFAxatIrk4YVOOxB8ZdXS7GdeYa1qVwjdiDkgQ=="
  "resolved" "https://registry.npmjs.org/@rails/activestorage/-/activestorage-6.1.4.tgz"
  "version" "6.1.4"
  dependencies:
    "spark-md5" "^3.0.0"

"@rails/ujs@^6.0.0":
  "integrity" "sha512-O3lEzL5DYbxppMdsFSw36e4BHIlfz/xusynwXGv3l2lhSlvah41qviRpsoAlKXxl37nZAqK+UUF5cnGGK45Mfw=="
  "resolved" "https://registry.npmjs.org/@rails/ujs/-/ujs-6.1.4.tgz"
  "version" "6.1.4"

"spark-md5@^3.0.0":
  "integrity" "sha512-wcFzz9cDfbuqe0FZzfi2or1sgyIrsDwmPwfZC4hiNidPdPINjeUwNfv5kldczoEAcjl9Y1L3SM7Uz2PUEQzxQw=="
  "resolved" "https://registry.npmjs.org/spark-md5/-/spark-md5-3.0.2.tgz"
  "version" "3.0.2"
